# This file is automatically @generated by Poetry 1.6.1 and should not be changed by hand.

[[package]]
name = "fractal-database-matrix"
version = "0.1.0"
description = ""
optional = false
python-versions = "^3.10"
files = []
develop = false

[package.source]
type = "directory"
url = "../fractal-database-matrix"

[metadata]
lock-version = "2.0"
python-versions = "^3.10"
content-hash = "0944385054ef289d8d346b43ecd0595992f0607b54465ca79547beba64d9ae54"
